
Microsoft Visual Studio Solution File, Format Version 12.00
# Visual Studio Version 16
VisualStudioVersion = 16.0.31424.327
MinimumVisualStudioVersion = 10.0.40219.1
Project("{FAE04EC0-301F-11D3-BF4B-00C04F79EFBC}") = "Projeto_teste02", "Projeto_teste02\Projeto_teste02.csproj", "{ADEF7077-DDB3-4BF7-83B2-76BFBB521E69}"
EndProject
Global
	GlobalSection(SolutionConfigurationPlatforms) = preSolution
		Debug|Any CPU = Debug|Any CPU
		Release|Any CPU = Release|Any CPU
	EndGlobalSection
	GlobalSection(ProjectConfigurationPlatforms) = postSolution
		{ADEF7077-DDB3-4BF7-83B2-76BFBB521E69}.Debug|Any CPU.ActiveCfg = Debug|Any CPU
		{ADEF7077-DDB3-4BF7-83B2-76BFBB521E69}.Debug|Any CPU.Build.0 = Debug|Any CPU
		{ADEF7077-DDB3-4BF7-83B2-76BFBB521E69}.Release|Any CPU.ActiveCfg = Release|Any CPU
		{ADEF7077-DDB3-4BF7-83B2-76BFBB521E69}.Release|Any CPU.Build.0 = Release|Any CPU
	EndGlobalSection
	GlobalSection(SolutionProperties) = preSolution
		HideSolutionNode = FALSE
	EndGlobalSection
	GlobalSection(ExtensibilityGlobals) = postSolution
		SolutionGuid = {44DE9B92-51DE-4BCB-8D8B-CE2C3FCB8042}
	EndGlobalSection
EndGlobal
